
Microsoft Visual Studio Solution File, Format Version 12.00
# Visual Studio Version 16
VisualStudioVersion = 16.0.30503.244
MinimumVisualStudioVersion = 10.0.40219.1
Project("{FAE04EC0-301F-11D3-BF4B-00C04F79EFBC}") = "IS-prueba-tecnica", "IS-prueba-tecnica\IS-prueba-tecnica.csproj", "{7CA4CCF6-9333-44C7-9FB2-EF8E75C48A98}"
EndProject
Global
	GlobalSection(SolutionConfigurationPlatforms) = preSolution
		Debug|Any CPU = Debug|Any CPU
		Release|Any CPU = Release|Any CPU
	EndGlobalSection
	GlobalSection(ProjectConfigurationPlatforms) = postSolution
		{7CA4CCF6-9333-44C7-9FB2-EF8E75C48A98}.Debug|Any CPU.ActiveCfg = Debug|Any CPU
		{7CA4CCF6-9333-44C7-9FB2-EF8E75C48A98}.Debug|Any CPU.Build.0 = Debug|Any CPU
		{7CA4CCF6-9333-44C7-9FB2-EF8E75C48A98}.Release|Any CPU.ActiveCfg = Release|Any CPU
		{7CA4CCF6-9333-44C7-9FB2-EF8E75C48A98}.Release|Any CPU.Build.0 = Release|Any CPU
	EndGlobalSection
	GlobalSection(SolutionProperties) = preSolution
		HideSolutionNode = FALSE
	EndGlobalSection
	GlobalSection(ExtensibilityGlobals) = postSolution
		SolutionGuid = {3D51A799-FD18-4456-8043-560B584A0812}
	EndGlobalSection
EndGlobal
